
Microsoft Visual Studio Solution File, Format Version 12.00
# Visual Studio 2015
Project("{FAE04EC0-301F-11D3-BF4B-00C04F79EFBC}") = "Tanchiki_2D", "Tanchiki_2D.csproj", "{39379427-9CBD-20A4-F2C2-1543DA7089AA}"
EndProject
Global
	GlobalSection(SolutionConfigurationPlatforms) = preSolution
		Debug|Any CPU = Debug|Any CPU
		Release|Any CPU = Release|Any CPU
	EndGlobalSection
	GlobalSection(ProjectConfigurationPlatforms) = postSolution
		{39379427-9CBD-20A4-F2C2-1543DA7089AA}.Debug|Any CPU.ActiveCfg = Debug|Any CPU
		{39379427-9CBD-20A4-F2C2-1543DA7089AA}.Debug|Any CPU.Build.0 = Debug|Any CPU
		{39379427-9CBD-20A4-F2C2-1543DA7089AA}.Release|Any CPU.ActiveCfg = Release|Any CPU
		{39379427-9CBD-20A4-F2C2-1543DA7089AA}.Release|Any CPU.Build.0 = Release|Any CPU
	EndGlobalSection
	GlobalSection(SolutionProperties) = preSolution
		HideSolutionNode = FALSE
	EndGlobalSection
EndGlobal
